
Microsoft Visual Studio Solution File, Format Version 12.00
# Visual Studio 2012
Project("{FAE04EC0-301F-11D3-BF4B-00C04F79EFBC}") = "NetworkPrediction.Windows", "NetworkPrediction.Windows.csproj", "{A0EBAD2F-0DB1-4C42-B855-5B9BBDDD3512}"
EndProject
Project("{FAE04EC0-301F-11D3-BF4B-00C04F79EFBC}") = "MonoGame.Framework.Linux", "..\..\MonoGame\MonoGame.Framework\MonoGame.Framework.Linux.csproj", "{35253CE1-C864-4CD3-8249-4D1319748E8F}"
EndProject
Project("{FAE04EC0-301F-11D3-BF4B-00C04F79EFBC}") = "MonoGame.Framework.Net.Linux", "..\..\MonoGame\MonoGame.Framework\MonoGame.Framework.Net.Linux.csproj", "{1B738549-0449-4504-B978-7BFC347E3F3C}"
EndProject
Project("{FAE04EC0-301F-11D3-BF4B-00C04F79EFBC}") = "Lidgren.Network.Linux", "..\..\MonoGame\ThirdParty\Lidgren.Network\Lidgren.Network.Linux.csproj", "{758CB33D-6EBD-41EA-BB0C-55B1C97A325F}"
EndProject
Global
	GlobalSection(SolutionConfigurationPlatforms) = preSolution
		Debug|AnyCPU = Debug|AnyCPU
		Release|AnyCPU = Release|AnyCPU
	EndGlobalSection
	GlobalSection(ProjectConfigurationPlatforms) = postSolution
		{A0EBAD2F-0DB1-4C42-B855-5B9BBDDD3512}.Debug|AnyCPU.ActiveCfg = Debug|AnyCPU
		{A0EBAD2F-0DB1-4C42-B855-5B9BBDDD3512}.Debug|AnyCPU.Build.0 = Debug|AnyCPU
		{A0EBAD2F-0DB1-4C42-B855-5B9BBDDD3512}.Release|AnyCPU.ActiveCfg = Release|AnyCPU
		{A0EBAD2F-0DB1-4C42-B855-5B9BBDDD3512}.Release|AnyCPU.Build.0 = Release|AnyCPU
		{35253CE1-C864-4CD3-8249-4D1319748E8F}.Debug|AnyCPU.ActiveCfg = Debug|Any CPU
		{35253CE1-C864-4CD3-8249-4D1319748E8F}.Debug|AnyCPU.Build.0 = Debug|Any CPU
		{35253CE1-C864-4CD3-8249-4D1319748E8F}.Release|AnyCPU.ActiveCfg = Release|Any CPU
		{35253CE1-C864-4CD3-8249-4D1319748E8F}.Release|AnyCPU.Build.0 = Release|Any CPU
		{1B738549-0449-4504-B978-7BFC347E3F3C}.Debug|AnyCPU.ActiveCfg = Debug|Any CPU
		{1B738549-0449-4504-B978-7BFC347E3F3C}.Debug|AnyCPU.Build.0 = Debug|Any CPU
		{1B738549-0449-4504-B978-7BFC347E3F3C}.Release|AnyCPU.ActiveCfg = Release|Any CPU
		{1B738549-0449-4504-B978-7BFC347E3F3C}.Release|AnyCPU.Build.0 = Release|Any CPU
		{758CB33D-6EBD-41EA-BB0C-55B1C97A325F}.Debug|AnyCPU.ActiveCfg = Debug|Any CPU
		{758CB33D-6EBD-41EA-BB0C-55B1C97A325F}.Debug|AnyCPU.Build.0 = Debug|Any CPU
		{758CB33D-6EBD-41EA-BB0C-55B1C97A325F}.Release|AnyCPU.ActiveCfg = Release|Any CPU
		{758CB33D-6EBD-41EA-BB0C-55B1C97A325F}.Release|AnyCPU.Build.0 = Release|Any CPU
	EndGlobalSection
EndGlobal
